{
  "name": "apply-security-headers-function",
  "lockfileVersion": 3,
  "requires": true,
  "packages": {
    "": {
      "devDependencies": {
        "serverless-lambda-edge-pre-existing-cloudfront": "^1.2.0"
      }
    },
    "node_modules/serverless-lambda-edge-pre-existing-cloudfront": {
      "version": "1.2.0",
      "resolved": "https://registry.npmjs.org/serverless-lambda-edge-pre-existing-cloudfront/-/serverless-lambda-edge-pre-existing-cloudfront-1.2.0.tgz",
      "integrity": "sha512-RrYKaFkrFjq9dtPenrT8g+nbe/oQlmom7q4zu9tQ3PyqONv0OPO/3WtWHNNQwNCduHvUdXPvezyWVd0ecMuF5A==",
      "dev": true
    }
  }
}
